// !$*UTF8*$!
{
	archiveVersion = 1;
	classes = {
	};
	objectVersion = 50;
	objects = {

/* Begin PBXBuildFile section */
		9AA4DD7C239DCC66002D3376 /* userData.swift in Sources */ = {isa = PBXBuildFile; fileRef = 9AA4DD7B239DCC66002D3376 /* userData.swift */; };
		9ADBD9B5239BE70F007AA748 /* AppDelegate.swift in Sources */ = {isa = PBXBuildFile; fileRef = 9ADBD9B4239BE70F007AA748 /* AppDelegate.swift */; };
		9ADBD9B7239BE70F007AA748 /* ViewController.swift in Sources */ = {isa = PBXBuildFile; fileRef = 9ADBD9B6239BE70F007AA748 /* ViewController.swift */; };
		9ADBD9BA239BE70F007AA748 /* Main.storyboard in Resources */ = {isa = PBXBuildFile; fileRef = 9ADBD9B8239BE70F007AA748 /* Main.storyboard */; };
		9ADBD9BC239BE711007AA748 /* Assets.xcassets in Resources */ = {isa = PBXBuildFile; fileRef = 9ADBD9BB239BE711007AA748 /* Assets.xcassets */; };
		9ADBD9BF239BE711007AA748 /* LaunchScreen.storyboard in Resources */ = {isa = PBXBuildFile; fileRef = 9ADBD9BD239BE711007AA748 /* LaunchScreen.storyboard */; };
		9ADBD9CA239BE711007AA748 /* testTests.swift in Sources */ = {isa = PBXBuildFile; fileRef = 9ADBD9C9239BE711007AA748 /* testTests.swift */; };
		9ADBD9D5239BE711007AA748 /* testUITests.swift in Sources */ = {isa = PBXBuildFile; fileRef = 9ADBD9D4239BE711007AA748 /* testUITests.swift */; };
/* End PBXBuildFile section */

/* Begin PBXContainerItemProxy section */
		9ADBD9C6239BE711007AA748 /* PBXContainerItemProxy */ = {
			isa = PBXContainerItemProxy;
			containerPortal = 9ADBD9A9239BE70F007AA748 /* Project object */;
			proxyType = 1;
			remoteGlobalIDString = 9ADBD9B0239BE70F007AA748;
			remoteInfo = test;
		};
		9ADBD9D1239BE711007AA748 /* PBXContainerItemProxy */ = {
			isa = PBXContainerItemProxy;
			containerPortal = 9ADBD9A9239BE70F007AA748 /* Project object */;
			proxyType = 1;
			remoteGlobalIDString = 9ADBD9B0239BE70F007AA748;
			remoteInfo = test;
		};
/* End PBXContainerItemProxy section */

/* Begin PBXFileReference section */
		9AA4DD7B239DCC66002D3376 /* userData.swift */ = {isa = PBXFileReference; fileEncoding = 4; lastKnownFileType = sourcecode.swift; path = userData.swift; sourceTree = "<group>"; };
		9ADBD9B1239BE70F007AA748 /* test.app */ = {isa = PBXFileReference; explicitFileType = wrapper.application; includeInIndex = 0; path = test.app; sourceTree = BUILT_PRODUCTS_DIR; };
		9ADBD9B4239BE70F007AA748 /* AppDelegate.swift */ = {isa = PBXFileReference; lastKnownFileType = sourcecode.swift; path = AppDelegate.swift; sourceTree = "<group>"; };
		9ADBD9B6239BE70F007AA748 /* ViewController.swift */ = {isa = PBXFileReference; lastKnownFileType = sourcecode.swift; path = ViewController.swift; sourceTree = "<group>"; };
		9ADBD9B9239BE70F007AA748 /* Base */ = {isa = PBXFileReference; lastKnownFileType = file.storyboard; name = Base; path = Base.lproj/Main.storyboard; sourceTree = "<group>"; };
		9ADBD9BB239BE711007AA748 /* Assets.xcassets */ = {isa = PBXFileReference; lastKnownFileType = folder.assetcatalog; path = Assets.xcassets; sourceTree = "<group>"; };
		9ADBD9BE239BE711007AA748 /* Base */ = {isa = PBXFileReference; lastKnownFileType = file.storyboard; name = Base; path = Base.lproj/LaunchScreen.storyboard; sourceTree = "<group>"; };
		9ADBD9C0239BE711007AA748 /* Info.plist */ = {isa = PBXFileReference; lastKnownFileType = text.plist.xml; path = Info.plist; sourceTree = "<group>"; };
		9ADBD9C5239BE711007AA748 /* testTests.xctest */ = {isa = PBXFileReference; explicitFileType = wrapper.cfbundle; includeInIndex = 0; path = testTests.xctest; sourceTree = BUILT_PRODUCTS_DIR; };
		9ADBD9C9239BE711007AA748 /* testTests.swift */ = {isa = PBXFileReference; lastKnownFileType = sourcecode.swift; path = testTests.swift; sourceTree = "<group>"; };
		9ADBD9CB239BE711007AA748 /* Info.plist */ = {isa = PBXFileReference; lastKnownFileType = text.plist.xml; path = Info.plist; sourceTree = "<group>"; };
		9ADBD9D0239BE711007AA748 /* testUITests.xctest */ = {isa = PBXFileReference; explicitFileType = wrapper.cfbundle; includeInIndex = 0; path = testUITests.xctest; sourceTree = BUILT_PRODUCTS_DIR; };
		9ADBD9D4239BE711007AA748 /* testUITests.swift */ = {isa = PBXFileReference; lastKnownFileType = sourcecode.swift; path = testUITests.swift; sourceTree = "<group>"; };
		9ADBD9D6239BE711007AA748 /* Info.plist */ = {isa = PBXFileReference; lastKnownFileType = text.plist.xml; path = Info.plist; sourceTree = "<group>"; };
/* End PBXFileReference section */

/* Begin PBXFrameworksBuildPhase section */
		9ADBD9AE239BE70F007AA748 /* Frameworks */ = {
			isa = PBXFrameworksBuildPhase;
			buildActionMask = 2147483647;
			files = (
			);
			runOnlyForDeploymentPostprocessing = 0;
		};
		9ADBD9C2239BE711007AA748 /* Frameworks */ = {
			isa = PBXFrameworksBuildPhase;
			buildActionMask = 2147483647;
			files = (
			);
			runOnlyForDeploymentPostprocessing = 0;
		};
		9ADBD9CD239BE711007AA748 /* Frameworks */ = {
			isa = PBXFrameworksBuildPhase;
			buildActionMask = 2147483647;
			files = (
			);
			runOnlyForDeploymentPostprocessing = 0;
		};
/* End PBXFrameworksBuildPhase section */

/* Begin PBXGroup section */
		9ADBD9A8239BE70F007AA748 = {
			isa = PBXGroup;
			children = (
				9ADBD9B3239BE70F007AA748 /* test */,
				9ADBD9C8239BE711007AA748 /* testTests */,
				9ADBD9D3239BE711007AA748 /* testUITests */,
				9ADBD9B2239BE70F007AA748 /* Products */,
			);
			sourceTree = "<group>";
		};
		9ADBD9B2239BE70F007AA748 /* Products */ = {
			isa = PBXGroup;
			children = (
				9ADBD9B1239BE70F007AA748 /* test.app */,
				9ADBD9C5239BE711007AA748 /* testTests.xctest */,
				9ADBD9D0239BE711007AA748 /* testUITests.xctest */,
			);
			name = Products;
			sourceTree = "<group>";
		};
		9ADBD9B3239BE70F007AA748 /* test */ = {
			isa = PBXGroup;
			children = (
				9AA4DD7B239DCC66002D3376 /* userData.swift */,
				9ADBD9B4239BE70F007AA748 /* AppDelegate.swift */,
				9ADBD9B6239BE70F007AA748 /* ViewController.swift */,
				9ADBD9B8239BE70F007AA748 /* Main.storyboard */,
				9ADBD9BB239BE711007AA748 /* Assets.xcassets */,
				9ADBD9BD239BE711007AA748 /* LaunchScreen.storyboard */,
				9ADBD9C0239BE711007AA748 /* Info.plist */,
			);
			path = test;
			sourceTree = "<group>";
		};
		9ADBD9C8239BE711007AA748 /* testTests */ = {
			isa = PBXGroup;
			children = (
				9ADBD9C9239BE711007AA748 /* testTests.swift */,
				9ADBD9CB239BE711007AA748 /* Info.plist */,
			);
			path = testTests;
			sourceTree = "<group>";
		};
		9ADBD9D3239BE711007AA748 /* testUITests */ = {
			isa = PBXGroup;
			children = (
				9ADBD9D4239BE711007AA748 /* testUITests.swift */,
				9ADBD9D6239BE711007AA748 /* Info.plist */,
			);
			path = testUITests;
			sourceTree = "<group>";
		};
/* End PBXGroup section */

/* Begin PBXNativeTarget section */
		9ADBD9B0239BE70F007AA748 /* test */ = {
			isa = PBXNativeTarget;
			buildConfigurationList = 9ADBD9D9239BE711007AA748 /* Build configuration list for PBXNativeTarget "test" */;
			buildPhases = (
				9ADBD9AD239BE70F007AA748 /* Sources */,
				9ADBD9AE239BE70F007AA748 /* Frameworks */,
				9ADBD9AF239BE70F007AA748 /* Resources */,
			);
			buildRules = (
			);
			dependencies = (
			);
			name = test;
			productName = test;
			productReference = 9ADBD9B1239BE70F007AA748 /* test.app */;
			productType = "com.apple.product-type.application";
		};
		9ADBD9C4239BE711007AA748 /* testTests */ = {
			isa = PBXNativeTarget;
			buildConfigurationList = 9ADBD9DC239BE711007AA748 /* Build configuration list for PBXNativeTarget "testTests" */;
			buildPhases = (
				9ADBD9C1239BE711007AA748 /* Sources */,
				9ADBD9C2239BE711007AA748 /* Frameworks */,
				9ADBD9C3239BE711007AA748 /* Resources */,
			);
			buildRules = (
			);
			dependencies = (
				9ADBD9C7239BE711007AA748 /* PBXTargetDependency */,
			);
			name = testTests;
			productName = testTests;
			productReference = 9ADBD9C5239BE711007AA748 /* testTests.xctest */;
			productType = "com.apple.product-type.bundle.unit-test";
		};
		9ADBD9CF239BE711007AA748 /* testUITests */ = {
			isa = PBXNativeTarget;
			buildConfigurationList = 9ADBD9DF239BE711007AA748 /* Build configuration list for PBXNativeTarget "testUITests" */;
			buildPhases = (
				9ADBD9CC239BE711007AA748 /* Sources */,
				9ADBD9CD239BE711007AA748 /* Frameworks */,
				9ADBD9CE239BE711007AA748 /* Resources */,
			);
			buildRules = (
			);
			dependencies = (
				9ADBD9D2239BE711007AA748 /* PBXTargetDependency */,
			);
			name = testUITests;
			productName = testUITests;
			productReference = 9ADBD9D0239BE711007AA748 /* testUITests.xctest */;
			productType = "com.apple.product-type.bundle.ui-testing";
		};
/* End PBXNativeTarget section */

/* Begin PBXProject section */
		9ADBD9A9239BE70F007AA748 /* Project object */ = {
			isa = PBXProject;
			attributes = {
				LastSwiftUpdateCheck = 1010;
				LastUpgradeCheck = 1010;
				ORGANIZATIONNAME = "Mac Mini";
				TargetAttributes = {
					9ADBD9B0239BE70F007AA748 = {
						CreatedOnToolsVersion = 10.1;
					};
					9ADBD9C4239BE711007AA748 = {
						CreatedOnToolsVersion = 10.1;
						TestTargetID = 9ADBD9B0239BE70F007AA748;
					};
					9ADBD9CF239BE711007AA748 = {
						CreatedOnToolsVersion = 10.1;
						TestTargetID = 9ADBD9B0239BE70F007AA748;
					};
				};
			};
			buildConfigurationList = 9ADBD9AC239BE70F007AA748 /* Build configuration list for PBXProject "test" */;
			compatibilityVersion = "Xcode 9.3";
			developmentRegion = en;
			hasScannedForEncodings = 0;
			knownRegions = (
				en,
				Base,
			);
			mainGroup = 9ADBD9A8239BE70F007AA748;
			productRefGroup = 9ADBD9B2239BE70F007AA748 /* Products */;
			projectDirPath = "";
			projectRoot = "";
			targets = (
				9ADBD9B0239BE70F007AA748 /* test */,
				9ADBD9C4239BE711007AA748 /* testTests */,
				9ADBD9CF239BE711007AA748 /* testUITests */,
			);
		};
/* End PBXProject section */

/* Begin PBXResourcesBuildPhase section */
		9ADBD9AF239BE70F007AA748 /* Resources */ = {
			isa = PBXResourcesBuildPhase;
			buildActionMask = 2147483647;
			files = (
				9ADBD9BF239BE711007AA748 /* LaunchScreen.storyboard in Resources */,
				9ADBD9BC239BE711007AA748 /* Assets.xcassets in Resources */,
				9ADBD9BA239BE70F007AA748 /* Main.storyboard in Resources */,
			);
			runOnlyForDeploymentPostprocessing = 0;
		};
		9ADBD9C3239BE711007AA748 /* Resources */ = {
			isa = PBXResourcesBuildPhase;
			buildActionMask = 2147483647;
			files = (
			);
			runOnlyForDeploymentPostprocessing = 0;
		};
		9ADBD9CE239BE711007AA748 /* Resources */ = {
			isa = PBXResourcesBuildPhase;
			buildActionMask = 2147483647;
			files = (
			);
			runOnlyForDeploymentPostprocessing = 0;
		};
/* End PBXResourcesBuildPhase section */

/* Begin PBXSourcesBuildPhase section */
		9ADBD9AD239BE70F007AA748 /* Sources */ = {
			isa = PBXSourcesBuildPhase;
			buildActionMask = 2147483647;
			files = (
				9ADBD9B7239BE70F007AA748 /* ViewController.swift in Sources */,
				9ADBD9B5239BE70F007AA748 /* AppDelegate.swift in Sources */,
				9AA4DD7C239DCC66002D3376 /* userData.swift in Sources */,
			);
			runOnlyForDeploymentPostprocessing = 0;
		};
		9ADBD9C1239BE711007AA748 /* Sources */ = {
			isa = PBXSourcesBuildPhase;
			buildActionMask = 2147483647;
			files = (
				9ADBD9CA239BE711007AA748 /* testTests.swift in Sources */,
			);
			runOnlyForDeploymentPostprocessing = 0;
		};
		9ADBD9CC239BE711007AA748 /* Sources */ = {
			isa = PBXSourcesBuildPhase;
			buildActionMask = 2147483647;
			files = (
				9ADBD9D5239BE711007AA748 /* testUITests.swift in Sources */,
			);
			runOnlyForDeploymentPostprocessing = 0;
		};
/* End PBXSourcesBuildPhase section */

/* Begin PBXTargetDependency section */
		9ADBD9C7239BE711007AA748 /* PBXTargetDependency */ = {
			isa = PBXTargetDependency;
			target = 9ADBD9B0239BE70F007AA748 /* test */;
			targetProxy = 9ADBD9C6239BE711007AA748 /* PBXContainerItemProxy */;
		};
		9ADBD9D2239BE711007AA748 /* PBXTargetDependency */ = {
			isa = PBXTargetDependency;
			target = 9ADBD9B0239BE70F007AA748 /* test */;
			targetProxy = 9ADBD9D1239BE711007AA748 /* PBXContainerItemProxy */;
		};
/* End PBXTargetDependency section */

/* Begin PBXVariantGroup section */
		9ADBD9B8239BE70F007AA748 /* Main.storyboard */ = {
			isa = PBXVariantGroup;
			children = (
				9ADBD9B9239BE70F007AA748 /* Base */,
			);
			name = Main.storyboard;
			sourceTree = "<group>";
		};
		9ADBD9BD239BE711007AA748 /* LaunchScreen.storyboard */ = {
			isa = PBXVariantGroup;
			children = (
				9ADBD9BE239BE711007AA748 /* Base */,
			);
			name = LaunchScreen.storyboard;
			sourceTree = "<group>";
		};
/* End PBXVariantGroup section */

/* Begin XCBuildConfiguration section */
		9ADBD9D7239BE711007AA748 /* Debug */ = {
			isa = XCBuildConfiguration;
			buildSettings = {
				ALWAYS_SEARCH_USER_PATHS = NO;
				CLANG_ANALYZER_NONNULL = YES;
				CLANG_ANALYZER_NUMBER_OBJECT_CONVERSION = YES_AGGRESSIVE;
				CLANG_CXX_LANGUAGE_STANDARD = "gnu++14";
				CLANG_CXX_LIBRARY = "libc++";
				CLANG_ENABLE_MODULES = YES;
				CLANG_ENABLE_OBJC_ARC = YES;
				CLANG_ENABLE_OBJC_WEAK = YES;
				CLANG_WARN_BLOCK_CAPTURE_AUTORELEASING = YES;
				CLANG_WARN_BOOL_CONVERSION = YES;
				CLANG_WARN_COMMA = YES;
				CLANG_WARN_CONSTANT_CONVERSION = YES;
				CLANG_WARN_DEPRECATED_OBJC_IMPLEMENTATIONS = YES;
				CLANG_WARN_DIRECT_OBJC_ISA_USAGE = YES_ERROR;
				CLANG_WARN_DOCUMENTATION_COMMENTS = YES;
				CLANG_WARN_EMPTY_BODY = YES;
				CLANG_WARN_ENUM_CONVERSION = YES;
				CLANG_WARN_INFINITE_RECURSION = YES;
				CLANG_WARN_INT_CONVERSION = YES;
				CLANG_WARN_NON_LITERAL_NULL_CONVERSION = YES;
				CLANG_WARN_OBJC_IMPLICIT_RETAIN_SELF = YES;
				CLANG_WARN_OBJC_LITERAL_CONVERSION = YES;
				CLANG_WARN_OBJC_ROOT_CLASS = YES_ERROR;
				CLANG_WARN_RANGE_LOOP_ANALYSIS = YES;
				CLANG_WARN_STRICT_PROTOTYPES = YES;
				CLANG_WARN_SUSPICIOUS_MOVE = YES;
				CLANG_WARN_UNGUARDED_AVAILABILITY = YES_AGGRESSIVE;
				CLANG_WARN_UNREACHABLE_CODE = YES;
				CLANG_WARN__DUPLICATE_METHOD_MATCH = YES;
				CODE_SIGN_IDENTITY = "iPhone Developer";
				COPY_PHASE_STRIP = NO;
				DEBUG_INFORMATION_FORMAT = dwarf;
				ENABLE_STRICT_OBJC_MSGSEND = YES;
				ENABLE_TESTABILITY = YES;
				GCC_C_LANGUAGE_STANDARD = gnu11;
				GCC_DYNAMIC_NO_PIC = NO;
				GCC_NO_COMMON_BLOCKS = YES;
				GCC_OPTIMIZATION_LEVEL = 0;
				GCC_PREPROCESSOR_DEFINITIONS = (
					"DEBUG=1",
					"$(inherited)",
				);
				GCC_WARN_64_TO_32_BIT_CONVERSION = YES;
				GCC_WARN_ABOUT_RETURN_TYPE = YES_ERROR;
				GCC_WARN_UNDECLARED_SELECTOR = YES;
				GCC_WARN_UNINITIALIZED_AUTOS = YES_AGGRESSIVE;
				GCC_WARN_UNUSED_FUNCTION = YES;
				GCC_WARN_UNUSED_VARIABLE = YES;
				IPHONEOS_DEPLOYMENT_TARGET = 12.1;
				MTL_ENABLE_DEBUG_INFO = INCLUDE_SOURCE;
				MTL_FAST_MATH = YES;
				ONLY_ACTIVE_ARCH = YES;
				SDKROOT = iphoneos;
				SWIFT_ACTIVE_COMPILATION_CONDITIONS = DEBUG;
				SWIFT_OPTIMIZATION_LEVEL = "-Onone";
			};
			name = Debug;
		};
		9ADBD9D8239BE711007AA748 /* Release */ = {
			isa = XCBuildConfiguration;
			buildSettings = {
				ALWAYS_SEARCH_USER_PATHS = NO;
				CLANG_ANALYZER_NONNULL = YES;
				CLANG_ANALYZER_NUMBER_OBJECT_CONVERSION = YES_AGGRESSIVE;
				CLANG_CXX_LANGUAGE_STANDARD = "gnu++14";
				CLANG_CXX_LIBRARY = "libc++";
				CLANG_ENABLE_MODULES = YES;
				CLANG_ENABLE_OBJC_ARC = YES;
				CLANG_ENABLE_OBJC_WEAK = YES;
				CLANG_WARN_BLOCK_CAPTURE_AUTORELEASING = YES;
				CLANG_WARN_BOOL_CONVERSION = YES;
				CLANG_WARN_COMMA = YES;
				CLANG_WARN_CONSTANT_CONVERSION = YES;
				CLANG_WARN_DEPRECATED_OBJC_IMPLEMENTATIONS = YES;
				CLANG_WARN_DIRECT_OBJC_ISA_USAGE = YES_ERROR;
				CLANG_WARN_DOCUMENTATION_COMMENTS = YES;
				CLANG_WARN_EMPTY_BODY = YES;
				CLANG_WARN_ENUM_CONVERSION = YES;
				CLANG_WARN_INFINITE_RECURSION = YES;
				CLANG_WARN_INT_CONVERSION = YES;
				CLANG_WARN_NON_LITERAL_NULL_CONVERSION = YES;
				CLANG_WARN_OBJC_IMPLICIT_RETAIN_SELF = YES;
				CLANG_WARN_OBJC_LITERAL_CONVERSION = YES;
				CLANG_WARN_OBJC_ROOT_CLASS = YES_ERROR;
				CLANG_WARN_RANGE_LOOP_ANALYSIS = YES;
				CLANG_WARN_STRICT_PROTOTYPES = YES;
				CLANG_WARN_SUSPICIOUS_MOVE = YES;
				CLANG_WARN_UNGUARDED_AVAILABILITY = YES_AGGRESSIVE;
				CLANG_WARN_UNREACHABLE_CODE = YES;
				CLANG_WARN__DUPLICATE_METHOD_MATCH = YES;
				CODE_SIGN_IDENTITY = "iPhone Developer";
				COPY_PHASE_STRIP = NO;
				DEBUG_INFORMATION_FORMAT = "dwarf-with-dsym";
				ENABLE_NS_ASSERTIONS = NO;
				ENABLE_STRICT_OBJC_MSGSEND = YES;
				GCC_C_LANGUAGE_STANDARD = gnu11;
				GCC_NO_COMMON_BLOCKS = YES;
				GCC_WARN_64_TO_32_BIT_CONVERSION = YES;
				GCC_WARN_ABOUT_RETURN_TYPE = YES_ERROR;
				GCC_WARN_UNDECLARED_SELECTOR = YES;
				GCC_WARN_UNINITIALIZED_AUTOS = YES_AGGRESSIVE;
				GCC_WARN_UNUSED_FUNCTION = YES;
				GCC_WARN_UNUSED_VARIABLE = YES;
				IPHONEOS_DEPLOYMENT_TARGET = 12.1;
				MTL_ENABLE_DEBUG_INFO = NO;
				MTL_FAST_MATH = YES;
				SDKROOT = iphoneos;
				SWIFT_COMPILATION_MODE = wholemodule;
				SWIFT_OPTIMIZATION_LEVEL = "-O";
				VALIDATE_PRODUCT = YES;
			};
			name = Release;
		};
		9ADBD9DA239BE711007AA748 /* Debug */ = {
			isa = XCBuildConfiguration;
			buildSettings = {
				ASSETCATALOG_COMPILER_APPICON_NAME = AppIcon;
				CODE_SIGN_STYLE = Automatic;
				INFOPLIST_FILE = test/Info.plist;
				LD_RUNPATH_SEARCH_PATHS = (
					"$(inherited)",
					"@executable_path/Frameworks",
				);
				PRODUCT_BUNDLE_IDENTIFIER = blablabla.test;
				PRODUCT_NAME = "$(TARGET_NAME)";
				SWIFT_VERSION = 4.2;
				TARGETED_DEVICE_FAMILY = "1,2";
			};
			name = Debug;
		};
		9ADBD9DB239BE711007AA748 /* Release */ = {
			isa = XCBuildConfiguration;
			buildSettings = {
				ASSETCATALOG_COMPILER_APPICON_NAME = AppIcon;
				CODE_SIGN_STYLE = Automatic;
				INFOPLIST_FILE = test/Info.plist;
				LD_RUNPATH_SEARCH_PATHS = (
					"$(inherited)",
					"@executable_path/Frameworks",
				);
				PRODUCT_BUNDLE_IDENTIFIER = blablabla.test;
				PRODUCT_NAME = "$(TARGET_NAME)";
				SWIFT_VERSION = 4.2;
				TARGETED_DEVICE_FAMILY = "1,2";
			};
			name = Release;
		};
		9ADBD9DD239BE711007AA748 /* Debug */ = {
			isa = XCBuildConfiguration;
			buildSettings = {
				ALWAYS_EMBED_SWIFT_STANDARD_LIBRARIES = YES;
				BUNDLE_LOADER = "$(TEST_HOST)";
				CODE_SIGN_STYLE = Automatic;
				INFOPLIST_FILE = testTests/Info.plist;
				LD_RUNPATH_SEARCH_PATHS = (
					"$(inherited)",
					"@executable_path/Frameworks",
					"@loader_path/Frameworks",
				);
				PRODUCT_BUNDLE_IDENTIFIER = blablabla.testTests;
				PRODUCT_NAME = "$(TARGET_NAME)";
				SWIFT_VERSION = 4.2;
				TARGETED_DEVICE_FAMILY = "1,2";
				TEST_HOST = "$(BUILT_PRODUCTS_DIR)/test.app/test";
			};
			name = Debug;
		};
		9ADBD9DE239BE711007AA748 /* Release */ = {
			isa = XCBuildConfiguration;
			buildSettings = {
				ALWAYS_EMBED_SWIFT_STANDARD_LIBRARIES = YES;
				BUNDLE_LOADER = "$(TEST_HOST)";
				CODE_SIGN_STYLE = Automatic;
				INFOPLIST_FILE = testTests/Info.plist;
				LD_RUNPATH_SEARCH_PATHS = (
					"$(inherited)",
					"@executable_path/Frameworks",
					"@loader_path/Frameworks",
				);
				PRODUCT_BUNDLE_IDENTIFIER = blablabla.testTests;
				PRODUCT_NAME = "$(TARGET_NAME)";
				SWIFT_VERSION = 4.2;
				TARGETED_DEVICE_FAMILY = "1,2";
				TEST_HOST = "$(BUILT_PRODUCTS_DIR)/test.app/test";
			};
			name = Release;
		};
		9ADBD9E0239BE711007AA748 /* Debug */ = {
			isa = XCBuildConfiguration;
			buildSettings = {
				ALWAYS_EMBED_SWIFT_STANDARD_LIBRARIES = YES;
				CODE_SIGN_STYLE = Automatic;
				INFOPLIST_FILE = testUITests/Info.plist;
				LD_RUNPATH_SEARCH_PATHS = (
					"$(inherited)",
					"@executable_path/Frameworks",
					"@loader_path/Frameworks",
				);
				PRODUCT_BUNDLE_IDENTIFIER = blablabla.testUITests;
				PRODUCT_NAME = "$(TARGET_NAME)";
				SWIFT_VERSION = 4.2;
				TARGETED_DEVICE_FAMILY = "1,2";
				TEST_TARGET_NAME = test;
			};
			name = Debug;
		};
		9ADBD9E1239BE711007AA748 /* Release */ = {
			isa = XCBuildConfiguration;
			buildSettings = {
				ALWAYS_EMBED_SWIFT_STANDARD_LIBRARIES = YES;
				CODE_SIGN_STYLE = Automatic;
				INFOPLIST_FILE = testUITests/Info.plist;
				LD_RUNPATH_SEARCH_PATHS = (
					"$(inherited)",
					"@executable_path/Frameworks",
					"@loader_path/Frameworks",
				);
				PRODUCT_BUNDLE_IDENTIFIER = blablabla.testUITests;
				PRODUCT_NAME = "$(TARGET_NAME)";
				SWIFT_VERSION = 4.2;
				TARGETED_DEVICE_FAMILY = "1,2";
				TEST_TARGET_NAME = test;
			};
			name = Release;
		};
/* End XCBuildConfiguration section */

/* Begin XCConfigurationList section */
		9ADBD9AC239BE70F007AA748 /* Build configuration list for PBXProject "test" */ = {
			isa = XCConfigurationList;
			buildConfigurations = (
				9ADBD9D7239BE711007AA748 /* Debug */,
				9ADBD9D8239BE711007AA748 /* Release */,
			);
			defaultConfigurationIsVisible = 0;
			defaultConfigurationName = Release;
		};
		9ADBD9D9239BE711007AA748 /* Build configuration list for PBXNativeTarget "test" */ = {
			isa = XCConfigurationList;
			buildConfigurations = (
				9ADBD9DA239BE711007AA748 /* Debug */,
				9ADBD9DB239BE711007AA748 /* Release */,
			);
			defaultConfigurationIsVisible = 0;
			defaultConfigurationName = Release;
		};
		9ADBD9DC239BE711007AA748 /* Build configuration list for PBXNativeTarget "testTests" */ = {
			isa = XCConfigurationList;
			buildConfigurations = (
				9ADBD9DD239BE711007AA748 /* Debug */,
				9ADBD9DE239BE711007AA748 /* Release */,
			);
			defaultConfigurationIsVisible = 0;
			defaultConfigurationName = Release;
		};
		9ADBD9DF239BE711007AA748 /* Build configuration list for PBXNativeTarget "testUITests" */ = {
			isa = XCConfigurationList;
			buildConfigurations = (
				9ADBD9E0239BE711007AA748 /* Debug */,
				9ADBD9E1239BE711007AA748 /* Release */,
			);
			defaultConfigurationIsVisible = 0;
			defaultConfigurationName = Release;
		};
/* End XCConfigurationList section */
	};
	rootObject = 9ADBD9A9239BE70F007AA748 /* Project object */;
}
